
Microsoft Visual Studio Solution File, Format Version 12.00
# Visual Studio Version 17
VisualStudioVersion = 17.11.35222.181
MinimumVisualStudioVersion = 10.0.40219.1
Project("{FAE04EC0-301F-11D3-BF4B-00C04F79EFBC}") = "Gg.Demo.FrontEnd.Host", "Gg.Demo.FrontEnd.Host.csproj", "{9D94DA9B-111B-4506-9684-34BC8B310593}"
EndProject
Project("{FAE04EC0-301F-11D3-BF4B-00C04F79EFBC}") = "Gg.Demo.FrontEnd.Common", "..\..\shared\Gg.Demo.FrontEnd.Common\Gg.Demo.FrontEnd.Common.csproj", "{BE2E0B2D-0318-4C6B-B8C3-D9007EA9FDC8}"
EndProject
Project("{FAE04EC0-301F-11D3-BF4B-00C04F79EFBC}") = "Gg.Demo.FrontEnd.Core", "..\Gg.Demo.FrontEnd.Core\Gg.Demo.FrontEnd.Core.csproj", "{4C67A540-38D1-424D-8959-75E5F0EF0B90}"
EndProject
Project("{FAE04EC0-301F-11D3-BF4B-00C04F79EFBC}") = "Gc.Demo.Matchmaking.Core", "..\Gc.Demo.Matchmaking.Core\Gc.Demo.Matchmaking.Core.csproj", "{28C70E7F-3FD0-40A7-9280-E505B3A6DFE2}"
EndProject
Project("{FAE04EC0-301F-11D3-BF4B-00C04F79EFBC}") = "Gg.Demo.Backend.Host", "..\Gg.Demo.Backend.Host\Gg.Demo.Backend.Host.csproj", "{94BFB211-58D1-4977-ABAB-0404ABFD55F2}"
EndProject
Global
	GlobalSection(SolutionConfigurationPlatforms) = preSolution
		Debug|Any CPU = Debug|Any CPU
		Release|Any CPU = Release|Any CPU
	EndGlobalSection
	GlobalSection(ProjectConfigurationPlatforms) = postSolution
		{9D94DA9B-111B-4506-9684-34BC8B310593}.Debug|Any CPU.ActiveCfg = Debug|Any CPU
		{9D94DA9B-111B-4506-9684-34BC8B310593}.Debug|Any CPU.Build.0 = Debug|Any CPU
		{9D94DA9B-111B-4506-9684-34BC8B310593}.Release|Any CPU.ActiveCfg = Release|Any CPU
		{9D94DA9B-111B-4506-9684-34BC8B310593}.Release|Any CPU.Build.0 = Release|Any CPU
		{BE2E0B2D-0318-4C6B-B8C3-D9007EA9FDC8}.Debug|Any CPU.ActiveCfg = Debug|Any CPU
		{BE2E0B2D-0318-4C6B-B8C3-D9007EA9FDC8}.Debug|Any CPU.Build.0 = Debug|Any CPU
		{BE2E0B2D-0318-4C6B-B8C3-D9007EA9FDC8}.Release|Any CPU.ActiveCfg = Release|Any CPU
		{BE2E0B2D-0318-4C6B-B8C3-D9007EA9FDC8}.Release|Any CPU.Build.0 = Release|Any CPU
		{4C67A540-38D1-424D-8959-75E5F0EF0B90}.Debug|Any CPU.ActiveCfg = Debug|Any CPU
		{4C67A540-38D1-424D-8959-75E5F0EF0B90}.Debug|Any CPU.Build.0 = Debug|Any CPU
		{4C67A540-38D1-424D-8959-75E5F0EF0B90}.Release|Any CPU.ActiveCfg = Release|Any CPU
		{4C67A540-38D1-424D-8959-75E5F0EF0B90}.Release|Any CPU.Build.0 = Release|Any CPU
		{28C70E7F-3FD0-40A7-9280-E505B3A6DFE2}.Debug|Any CPU.ActiveCfg = Debug|Any CPU
		{28C70E7F-3FD0-40A7-9280-E505B3A6DFE2}.Debug|Any CPU.Build.0 = Debug|Any CPU
		{28C70E7F-3FD0-40A7-9280-E505B3A6DFE2}.Release|Any CPU.ActiveCfg = Release|Any CPU
		{28C70E7F-3FD0-40A7-9280-E505B3A6DFE2}.Release|Any CPU.Build.0 = Release|Any CPU
		{94BFB211-58D1-4977-ABAB-0404ABFD55F2}.Debug|Any CPU.ActiveCfg = Debug|Any CPU
		{94BFB211-58D1-4977-ABAB-0404ABFD55F2}.Debug|Any CPU.Build.0 = Debug|Any CPU
		{94BFB211-58D1-4977-ABAB-0404ABFD55F2}.Release|Any CPU.ActiveCfg = Release|Any CPU
		{94BFB211-58D1-4977-ABAB-0404ABFD55F2}.Release|Any CPU.Build.0 = Release|Any CPU
	EndGlobalSection
	GlobalSection(SolutionProperties) = preSolution
		HideSolutionNode = FALSE
	EndGlobalSection
	GlobalSection(ExtensibilityGlobals) = postSolution
		SolutionGuid = {6D891195-BB26-431F-B112-561E5E4D993D}
	EndGlobalSection
EndGlobal
